# This file is autogenerated, do not edit; changes may be undone by the next 'dep ensure'.


[[projects]]
  name = "github.com/mqus/go-contentline"
  packages = ["."]
  revision = "5bb9f79"

[[projects]]
  name = "github.com/pkg/errors"
  packages = ["."]
  revision = "645ef00459ed84a119197bfb8d8205042c6df63d"
  version = "v0.8.0"

[solve-meta]
  analyzer-name = "dep"
  analyzer-version = 1
  inputs-digest = "4287a82a42c6972310ce1a0edd434e447ae8a5212396dd3259d5d321068a2785"
  solver-name = "gps-cdcl"
  solver-version = 1
